
Microsoft Visual Studio Solution File, Format Version 12.00
# Visual Studio Version 17
VisualStudioVersion = 17.13.35825.156
MinimumVisualStudioVersion = 10.0.40219.1
Project("{FAE04EC0-301F-11D3-BF4B-00C04F79EFBC}") = "SYO_App", "SYO_App.csproj", "{5B3A1685-4777-478B-9A55-F4552880EB28}"
EndProject
Global
	GlobalSection(SolutionConfigurationPlatforms) = preSolution
		Debug|Any CPU = Debug|Any CPU
		Release|Any CPU = Release|Any CPU
	EndGlobalSection
	GlobalSection(ProjectConfigurationPlatforms) = postSolution
		{5B3A1685-4777-478B-9A55-F4552880EB28}.Debug|Any CPU.ActiveCfg = Debug|Any CPU
		{5B3A1685-4777-478B-9A55-F4552880EB28}.Debug|Any CPU.Build.0 = Debug|Any CPU
		{5B3A1685-4777-478B-9A55-F4552880EB28}.Release|Any CPU.ActiveCfg = Release|Any CPU
		{5B3A1685-4777-478B-9A55-F4552880EB28}.Release|Any CPU.Build.0 = Release|Any CPU
	EndGlobalSection
	GlobalSection(SolutionProperties) = preSolution
		HideSolutionNode = FALSE
	EndGlobalSection
	GlobalSection(ExtensibilityGlobals) = postSolution
		SolutionGuid = {15EE2540-7B0D-4A60-8257-67D13CD15C68}
	EndGlobalSection
EndGlobal
